<?xml version="1.0" encoding="utf-8"?>
<Project ToolsVersion="4.0" xmlns="http://schemas.microsoft.com/developer/msbuild/2003">
  <ItemGroup>
    <Filter Include="Source Files">
      <UniqueIdentifier>{4FC737F1-C7A5-4376-A066-2A32D752A2FF}</UniqueIdentifier>
      <Extensions>cpp;c;cc;cxx;def;odl;idl;hpj;bat;asm;asmx</Extensions>
    </Filter>
    <Filter Include="Header Files">
      <UniqueIdentifier>{93995380-89BD-4b04-88EB-625FBE52EBFB}</UniqueIdentifier>
      <Extensions>h;hpp;hxx;hm;inl;inc;xsd</Extensions>
    </Filter>
    <Filter Include="Resource Files">
      <UniqueIdentifier>{67DA6AB6-F800-4c08-8B7A-83BB121AAD01}</UniqueIdentifier>
      <Extensions>rc;ico;cur;bmp;dlg;rc2;rct;bin;rgs;gif;jpg;jpeg;jpe;resx;tiff;tif;png;wav;mfcribbon-ms</Extensions>
    </Filter>
  </ItemGroup>
  <ItemGroup>
    <ClInclude Include="src\zenwinx\case-tables.h">
      <Filter>Header Files</Filter>
    </ClInclude>
    <ClInclude Include="src\zenwinx\ntfs.h">
      <Filter>Header Files</Filter>
    </ClInclude>
    <ClInclude Include="src\zenwinx\ntndk.h">
      <Filter>Header Files</Filter>
    </ClInclude>
    <ClInclude Include="src\zenwinx\prb.h">
      <Filter>Header Files</Filter>
    </ClInclude>
    <ClInclude Include="src\zenwinx\zenwinx.h">
      <Filter>Header Files</Filter>
    </ClInclude>
    <ClInclude Include="include\dbg.h">
      <Filter>Header Files</Filter>
    </ClInclude>
    <ClInclude Include="include\version.h">
      <Filter>Header Files</Filter>
    </ClInclude>
  </ItemGroup>
  <ItemGroup>
    <ClCompile Include="src\zenwinx\dbg.c">
      <Filter>Source Files</Filter>
    </ClCompile>
    <ClCompile Include="src\zenwinx\entry.c">
      <Filter>Source Files</Filter>
    </ClCompile>
    <ClCompile Include="src\zenwinx\env.c">
      <Filter>Source Files</Filter>
    </ClCompile>
    <ClCompile Include="src\zenwinx\event.c">
      <Filter>Source Files</Filter>
    </ClCompile>
    <ClCompile Include="src\zenwinx\file.c">
      <Filter>Source Files</Filter>
    </ClCompile>
    <ClCompile Include="src\zenwinx\ftw.c">
      <Filter>Source Files</Filter>
    </ClCompile>
    <ClCompile Include="src\zenwinx\ftw_ntfs.c">
      <Filter>Source Files</Filter>
    </ClCompile>
    <ClCompile Include="src\zenwinx\keyboard.c">
      <Filter>Source Files</Filter>
    </ClCompile>
    <ClCompile Include="src\zenwinx\keytrans.c">
      <Filter>Source Files</Filter>
    </ClCompile>
    <ClCompile Include="src\zenwinx\ldr.c">
      <Filter>Source Files</Filter>
    </ClCompile>
    <ClCompile Include="src\zenwinx\list.c">
      <Filter>Source Files</Filter>
    </ClCompile>
    <ClCompile Include="src\zenwinx\lock.c">
      <Filter>Source Files</Filter>
    </ClCompile>
    <ClCompile Include="src\zenwinx\mem.c">
      <Filter>Source Files</Filter>
    </ClCompile>
    <ClCompile Include="src\zenwinx\misc.c">
      <Filter>Source Files</Filter>
    </ClCompile>
    <ClCompile Include="src\zenwinx\mutex.c">
      <Filter>Source Files</Filter>
    </ClCompile>
    <ClCompile Include="src\zenwinx\path.c">
      <Filter>Source Files</Filter>
    </ClCompile>
    <ClCompile Include="src\zenwinx\prb.c">
      <Filter>Source Files</Filter>
    </ClCompile>
    <ClCompile Include="src\zenwinx\privilege.c">
      <Filter>Source Files</Filter>
    </ClCompile>
    <ClCompile Include="src\zenwinx\reg.c">
      <Filter>Source Files</Filter>
    </ClCompile>
    <ClCompile Include="src\zenwinx\stdio.c">
      <Filter>Source Files</Filter>
    </ClCompile>
    <ClCompile Include="src\zenwinx\string.c">
      <Filter>Source Files</Filter>
    </ClCompile>
    <ClCompile Include="src\zenwinx\thread.c">
      <Filter>Source Files</Filter>
    </ClCompile>
    <ClCompile Include="src\zenwinx\time.c">
      <Filter>Source Files</Filter>
    </ClCompile>
    <ClCompile Include="src\zenwinx\volume.c">
      <Filter>Source Files</Filter>
    </ClCompile>
    <ClCompile Include="src\zenwinx\zenwinx.c">
      <Filter>Source Files</Filter>
    </ClCompile>
  </ItemGroup>
</Project>